
Microsoft Visual Studio Solution File, Format Version 12.00
# Visual Studio Version 16
VisualStudioVersion = 16.0.30907.101
MinimumVisualStudioVersion = 10.0.40219.1
Project("{FAE04EC0-301F-11D3-BF4B-00C04F79EFBC}") = "EmployeeManagement.FrontEnd", "EmployeeManagementFrontEnd\EmployeeManagement.FrontEnd.csproj", "{633945D1-4A5C-48AA-99DD-604A25E669D5}"
EndProject
Project("{FAE04EC0-301F-11D3-BF4B-00C04F79EFBC}") = "EmployeeManagement.WebAPI", "EmployeeManagement.WebAPI\EmployeeManagement.WebAPI.csproj", "{49C5279A-70FA-41EA-9B53-4E49FA8FF06F}"
EndProject
Global
	GlobalSection(SolutionConfigurationPlatforms) = preSolution
		Debug|Any CPU = Debug|Any CPU
		Release|Any CPU = Release|Any CPU
	EndGlobalSection
	GlobalSection(ProjectConfigurationPlatforms) = postSolution
		{633945D1-4A5C-48AA-99DD-604A25E669D5}.Debug|Any CPU.ActiveCfg = Debug|Any CPU
		{633945D1-4A5C-48AA-99DD-604A25E669D5}.Debug|Any CPU.Build.0 = Debug|Any CPU
		{633945D1-4A5C-48AA-99DD-604A25E669D5}.Release|Any CPU.ActiveCfg = Release|Any CPU
		{633945D1-4A5C-48AA-99DD-604A25E669D5}.Release|Any CPU.Build.0 = Release|Any CPU
		{49C5279A-70FA-41EA-9B53-4E49FA8FF06F}.Debug|Any CPU.ActiveCfg = Debug|Any CPU
		{49C5279A-70FA-41EA-9B53-4E49FA8FF06F}.Debug|Any CPU.Build.0 = Debug|Any CPU
		{49C5279A-70FA-41EA-9B53-4E49FA8FF06F}.Release|Any CPU.ActiveCfg = Release|Any CPU
		{49C5279A-70FA-41EA-9B53-4E49FA8FF06F}.Release|Any CPU.Build.0 = Release|Any CPU
	EndGlobalSection
	GlobalSection(SolutionProperties) = preSolution
		HideSolutionNode = FALSE
	EndGlobalSection
	GlobalSection(ExtensibilityGlobals) = postSolution
		SolutionGuid = {127F7B97-1585-4C19-A5C5-31E15436DE28}
	EndGlobalSection
EndGlobal
